{
  "name": "visa-appointment-bot",
  "version": "1.0.0",
  "lockfileVersion": 3,
  "requires": true,
  "packages": {
    "": {
      "name": "visa-appointment-bot",
      "version": "1.0.0",
      "license": "ISC",
      "dependencies": {
        "2captcha": "^3.0.7",
        "playwright": "^1.36.1",
        "playwright-cluster": "^1.0.3"
      }
    },
    "node_modules/2captcha": {
      "version": "3.0.7",
      "resolved": "https://registry.npmjs.org/2captcha/-/2captcha-3.0.7.tgz",
      "integrity": "sha512-i7iswxBsNzzFxQCebgdowHW61UK34+o8KaDonJxRH+gDDeQsiN/3uK0X/fo4AmMTE26c4VSHVe0X8b8CVVNZiw==",
      "dependencies": {
        "node-fetch": "^2.6.1"
      }
    },
    "node_modules/debug": {
      "version": "4.3.4",
      "resolved": "https://registry.npmjs.org/debug/-/debug-4.3.4.tgz",
      "integrity": "sha512-PRWFHuSU3eDtQJPvnNY7Jcket1j0t5OuOsFzPPzsekD52Zl8qUfFIPEiswXqIvHWGVHOgX+7G/vCNNhehwxfkQ==",
      "dependencies": {
        "ms": "2.1.2"
      },
      "engines": {
        "node": ">=6.0"
      },
      "peerDependenciesMeta": {
        "supports-color": {
          "optional": true
        }
      }
    },
    "node_modules/ms": {
      "version": "2.1.2",
      "resolved": "https://registry.npmjs.org/ms/-/ms-2.1.2.tgz",
      "integrity": "sha512-sGkPx+VjMtmA6MX27oA4FBFELFCZZ4S4XqeGOXCv68tT+jb3vk/RyaKWP0PTKyWtmLSM0b+adUTEvbs1PEaH2w=="
    },
    "node_modules/node-fetch": {
      "version": "2.6.12",
      "resolved": "https://registry.npmjs.org/node-fetch/-/node-fetch-2.6.12.tgz",
      "integrity": "sha512-C/fGU2E8ToujUivIO0H+tpQ6HWo4eEmchoPIoXtxCrVghxdKq+QOHqEZW7tuP3KlV3bC8FRMO5nMCC7Zm1VP6g==",
      "dependencies": {
        "whatwg-url": "^5.0.0"
      },
      "engines": {
        "node": "4.x || >=6.0.0"
      },
      "peerDependencies": {
        "encoding": "^0.1.0"
      },
      "peerDependenciesMeta": {
        "encoding": {
          "optional": true
        }
      }
    },
    "node_modules/playwright": {
      "version": "1.36.1",
      "resolved": "https://registry.npmjs.org/playwright/-/playwright-1.36.1.tgz",
      "integrity": "sha512-2ZqHpD0U0COKR8bqR3W5IkyIAAM0mT9FgGJB9xWCI1qAUkqLxJskA1ueeQOTH2Qfz3+oxdwwf2EzdOX+RkZmmQ==",
      "hasInstallScript": true,
      "dependencies": {
        "playwright-core": "1.36.1"
      },
      "bin": {
        "playwright": "cli.js"
      },
      "engines": {
        "node": ">=16"
      }
    },
    "node_modules/playwright-cluster": {
      "version": "1.0.3",
      "resolved": "https://registry.npmjs.org/playwright-cluster/-/playwright-cluster-1.0.3.tgz",
      "integrity": "sha512-Y1mfE4UcaYGl1Hh16xkG0kiiwVB/1d7IrREmxyOlMcK0sKq3f0A+vI5FDOuSrl/Hb1Wk0JSF4FnxOq07SzybHA==",
      "dependencies": {
        "debug": "^4.3.3",
        "playwright": "^1.35.1"
      }
    },
    "node_modules/playwright-core": {
      "version": "1.36.1",
      "resolved": "https://registry.npmjs.org/playwright-core/-/playwright-core-1.36.1.tgz",
      "integrity": "sha512-7+tmPuMcEW4xeCL9cp9KxmYpQYHKkyjwoXRnoeTowaeNat8PoBMk/HwCYhqkH2fRkshfKEOiVus/IhID2Pg8kg==",
      "bin": {
        "playwright-core": "cli.js"
      },
      "engines": {
        "node": ">=16"
      }
    },
    "node_modules/tr46": {
      "version": "0.0.3",
      "resolved": "https://registry.npmjs.org/tr46/-/tr46-0.0.3.tgz",
      "integrity": "sha512-N3WMsuqV66lT30CrXNbEjx4GEwlow3v6rr4mCcv6prnfwhS01rkgyFdjPNBYd9br7LpXV1+Emh01fHnq2Gdgrw=="
    },
    "node_modules/webidl-conversions": {
      "version": "3.0.1",
      "resolved": "https://registry.npmjs.org/webidl-conversions/-/webidl-conversions-3.0.1.tgz",
      "integrity": "sha512-2JAn3z8AR6rjK8Sm8orRC0h/bcl/DqL7tRPdGZ4I1CjdF+EaMLmYxBHyXuKL849eucPFhvBoxMsflfOb8kxaeQ=="
    },
    "node_modules/whatwg-url": {
      "version": "5.0.0",
      "resolved": "https://registry.npmjs.org/whatwg-url/-/whatwg-url-5.0.0.tgz",
      "integrity": "sha512-saE57nupxk6v3HY35+jzBwYa0rKSy0XR8JSxZPwgLr7ys0IBzhGviA1/TUGJLmSVqs8pb9AnvICXEuOHLprYTw==",
      "dependencies": {
        "tr46": "~0.0.3",
        "webidl-conversions": "^3.0.0"
      }
    }
  }
}
